{
  "name": "custom-table",
  "version": "0.1.0",
  "lockfileVersion": 1,
  "requires": true,
  "dependencies": {
    "@types/http-proxy": {
      "version": "1.17.4",
      "resolved": "http://10.2.3.103:8082/@types%2fhttp-proxy/-/http-proxy-1.17.4.tgz",
      "integrity": "sha512-IrSHl2u6AWXduUaDLqYpt45tLVCtYv7o4Z0s1KghBCDgIIS9oW5K1H8mZG/A2CfeLdEa7rTd1ACOiHBc1EMT2Q==",
      "dev": true,
      "requires": {
        "@types/node": "13.9.5"
      }
    },
    "@types/node": {
      "version": "13.9.5",
      "resolved": "http://10.2.3.103:8082/@types%2fnode/-/node-13.9.5.tgz",
      "integrity": "sha512-hkzMMD3xu6BrJpGVLeQ3htQQNAcOrJjX7WFmtK8zWQpz2UJf13LCFF2ALA7c9OVdvc2vQJeDdjfR35M0sBCxvw==",
      "dev": true
    },
    "braces": {
      "version": "3.0.2",
      "resolved": "http://10.2.3.103:8082/braces/-/braces-3.0.2.tgz",
      "integrity": "sha512-b8um+L1RzM3WDSzvhm6gIz1yfTbBt6YTlcEKAvsmqCZZFw46z626lVj9j1yEPW33H5H+lBQpZMP1k8l+78Ha0A==",
      "dev": true,
      "requires": {
        "fill-range": "7.0.1"
      }
    },
    "debug": {
      "version": "3.2.6",
      "resolved": "http://10.2.3.103:8082/debug/-/debug-3.2.6.tgz",
      "integrity": "sha512-mel+jf7nrtEl5Pn1Qx46zARXKDpBbvzezse7p7LqINmdoIk8PYP5SySaxEmYv6TZ0JyEKA1hsCId6DIhgITtWQ==",
      "dev": true,
      "requires": {
        "ms": "2.1.2"
      }
    },
    "encoding": {
      "version": "0.1.12",
      "resolved": "http://10.2.3.103:8082/encoding/-/encoding-0.1.12.tgz",
      "integrity": "sha1-U4tm8+5izRq1HsMjgp0flIDHS+s=",
      "requires": {
        "iconv-lite": "0.4.24"
      }
    },
    "eventemitter3": {
      "version": "4.0.0",
      "resolved": "http://10.2.3.103:8082/eventemitter3/-/eventemitter3-4.0.0.tgz",
      "integrity": "sha512-qerSRB0p+UDEssxTtm6EDKcE7W4OaoisfIMl4CngyEhjpYglocpNg6UEqCvemdGhosAsg4sO2dXJOdyBifPGCg==",
      "dev": true
    },
    "fill-range": {
      "version": "7.0.1",
      "resolved": "http://10.2.3.103:8082/fill-range/-/fill-range-7.0.1.tgz",
      "integrity": "sha512-qOo9F+dMUmC2Lcb4BbVvnKJxTPjCm+RRpe4gDuGrzkL7mEVl/djYSu2OdQ2Pa302N4oqkSg9ir6jaLWJ2USVpQ==",
      "dev": true,
      "requires": {
        "to-regex-range": "5.0.1"
      }
    },
    "follow-redirects": {
      "version": "1.10.0",
      "resolved": "http://10.2.3.103:8082/follow-redirects/-/follow-redirects-1.10.0.tgz",
      "integrity": "sha512-4eyLK6s6lH32nOvLLwlIOnr9zrL8Sm+OvW4pVTJNoXeGzYIkHVf+pADQi+OJ0E67hiuSLezPVPyBcIZO50TmmQ==",
      "dev": true,
      "requires": {
        "debug": "3.2.6"
      }
    },
    "http-proxy": {
      "version": "1.18.0",
      "resolved": "http://10.2.3.103:8082/http-proxy/-/http-proxy-1.18.0.tgz",
      "integrity": "sha512-84I2iJM/n1d4Hdgc6y2+qY5mDaz2PUVjlg9znE9byl+q0uC3DeByqBGReQu5tpLK0TAqTIXScRUV+dg7+bUPpQ==",
      "dev": true,
      "requires": {
        "eventemitter3": "4.0.0",
        "follow-redirects": "1.10.0",
        "requires-port": "1.0.0"
      }
    },
    "http-proxy-middleware": {
      "version": "1.0.3",
      "resolved": "http://10.2.3.103:8082/http-proxy-middleware/-/http-proxy-middleware-1.0.3.tgz",
      "integrity": "sha512-GHvPeBD+A357zS5tHjzj6ISrVOjjCiy0I92bdyTJz0pNmIjFxO0NX/bX+xkGgnclKQE/5hHAB9JEQ7u9Pw4olg==",
      "dev": true,
      "requires": {
        "@types/http-proxy": "1.17.4",
        "http-proxy": "1.18.0",
        "is-glob": "4.0.1",
        "lodash": "4.17.15",
        "micromatch": "4.0.2"
      }
    },
    "iconv-lite": {
      "version": "0.4.24",
      "resolved": "http://10.2.3.103:8082/iconv-lite/-/iconv-lite-0.4.24.tgz",
      "integrity": "sha512-v3MXnZAcvnywkTUEZomIActle7RXXeedOR31wwl7VlyoXO4Qi9arvSenNQWne1TcRwhCL1HwLI21bEqdpj8/rA==",
      "requires": {
        "safer-buffer": "2.1.2"
      }
    },
    "is-extglob": {
      "version": "2.1.1",
      "resolved": "http://10.2.3.103:8082/is-extglob/-/is-extglob-2.1.1.tgz",
      "integrity": "sha1-qIwCU1eR8C7TfHahueqXc8gz+MI=",
      "dev": true
    },
    "is-glob": {
      "version": "4.0.1",
      "resolved": "http://10.2.3.103:8082/is-glob/-/is-glob-4.0.1.tgz",
      "integrity": "sha512-5G0tKtBTFImOqDnLB2hG6Bp2qcKEFduo4tZu9MT/H6NQv/ghhy30o55ufafxJ/LdH79LLs2Kfrn85TLKyA7BUg==",
      "dev": true,
      "requires": {
        "is-extglob": "2.1.1"
      }
    },
    "is-number": {
      "version": "7.0.0",
      "resolved": "http://10.2.3.103:8082/is-number/-/is-number-7.0.0.tgz",
      "integrity": "sha512-41Cifkg6e8TylSpdtTpeLVMqvSBEVzTttHvERD741+pnZ8ANv0004MRL43QKPDlK9cGvNp6NZWZUBlbGXYxxng==",
      "dev": true
    },
    "is-stream": {
      "version": "1.1.0",
      "resolved": "http://10.2.3.103:8082/is-stream/-/is-stream-1.1.0.tgz",
      "integrity": "sha1-EtSj3U5o4Lec6428hBc66A2RykQ="
    },
    "isomorphic-fetch": {
      "version": "2.2.1",
      "resolved": "http://10.2.3.103:8082/isomorphic-fetch/-/isomorphic-fetch-2.2.1.tgz",
      "integrity": "sha1-YRrhrPFPXoH3KVB0coGf6XM1WKk=",
      "requires": {
        "node-fetch": "1.7.3",
        "whatwg-fetch": "3.0.0"
      }
    },
    "lodash": {
      "version": "4.17.15",
      "resolved": "http://10.2.3.103:8082/lodash/-/lodash-4.17.15.tgz",
      "integrity": "sha512-8xOcRHvCjnocdS5cpwXQXVzmmh5e5+saE2QGoeQmbKmRS6J3VQppPOIt0MnmE+4xlZoumy0GPG0D0MVIQbNA1A==",
      "dev": true
    },
    "micromatch": {
      "version": "4.0.2",
      "resolved": "http://10.2.3.103:8082/micromatch/-/micromatch-4.0.2.tgz",
      "integrity": "sha512-y7FpHSbMUMoyPbYUSzO6PaZ6FyRnQOpHuKwbo1G+Knck95XVU4QAiKdGEnj5wwoS7PlOgthX/09u5iFJ+aYf5Q==",
      "dev": true,
      "requires": {
        "braces": "3.0.2",
        "picomatch": "2.2.2"
      }
    },
    "ms": {
      "version": "2.1.2",
      "resolved": "http://10.2.3.103:8082/ms/-/ms-2.1.2.tgz",
      "integrity": "sha512-sGkPx+VjMtmA6MX27oA4FBFELFCZZ4S4XqeGOXCv68tT+jb3vk/RyaKWP0PTKyWtmLSM0b+adUTEvbs1PEaH2w==",
      "dev": true
    },
    "node-fetch": {
      "version": "1.7.3",
      "resolved": "http://10.2.3.103:8082/node-fetch/-/node-fetch-1.7.3.tgz",
      "integrity": "sha512-NhZ4CsKx7cYm2vSrBAr2PvFOe6sWDf0UYLRqA6svUYg7+/TSfVAu49jYC4BvQ4Sms9SZgdqGBgroqfDhJdTyKQ==",
      "requires": {
        "encoding": "0.1.12",
        "is-stream": "1.1.0"
      }
    },
    "picomatch": {
      "version": "2.2.2",
      "resolved": "http://10.2.3.103:8082/picomatch/-/picomatch-2.2.2.tgz",
      "integrity": "sha512-q0M/9eZHzmr0AulXyPwNfZjtwZ/RBZlbN3K3CErVrk50T2ASYI7Bye0EvekFY3IP1Nt2DHu0re+V2ZHIpMkuWg==",
      "dev": true
    },
    "qs": {
      "version": "6.9.3",
      "resolved": "http://10.2.3.103:8082/qs/-/qs-6.9.3.tgz",
      "integrity": "sha512-EbZYNarm6138UKKq46tdx08Yo/q9ZhFoAXAI1meAFd2GtbRDhbZY2WQSICskT0c5q99aFzLG1D4nvTk9tqfXIw=="
    },
    "requires-port": {
      "version": "1.0.0",
      "resolved": "http://10.2.3.103:8082/requires-port/-/requires-port-1.0.0.tgz",
      "integrity": "sha1-kl0mAdOaxIXgkc8NpcbmlNw9yv8=",
      "dev": true
    },
    "safer-buffer": {
      "version": "2.1.2",
      "resolved": "http://10.2.3.103:8082/safer-buffer/-/safer-buffer-2.1.2.tgz",
      "integrity": "sha512-YZo3K82SD7Riyi0E1EQPojLz7kpepnSQI9IyPbHHg1XXXevb5dJI7tpyN2ADxGcQbHG7vcyRHk0cbwqcQriUtg=="
    },
    "to-regex-range": {
      "version": "5.0.1",
      "resolved": "http://10.2.3.103:8082/to-regex-range/-/to-regex-range-5.0.1.tgz",
      "integrity": "sha512-65P7iz6X5yEr1cwcgvQxbbIw7Uk3gOy5dIdtZ4rDveLqhrdJP+Li/Hx6tyK0NEb+2GCyneCMJiGqrADCSNk8sQ==",
      "dev": true,
      "requires": {
        "is-number": "7.0.0"
      }
    },
    "umi-request": {
      "version": "1.2.19",
      "resolved": "http://10.2.3.103:8082/umi-request/-/umi-request-1.2.19.tgz",
      "integrity": "sha512-gN3OyEJGs+h4Ly2UFBL/5vhFmTM11VJ3OIq2AB3tq3PCVwqwpjY09MAwzCT4rr8Ti02kdxcPaAEUllLP5XvJRQ==",
      "requires": {
        "isomorphic-fetch": "2.2.1",
        "qs": "6.9.3"
      }
    },
    "whatwg-fetch": {
      "version": "3.0.0",
      "resolved": "http://10.2.3.103:8082/whatwg-fetch/-/whatwg-fetch-3.0.0.tgz",
      "integrity": "sha512-9GSJUgz1D4MfyKU7KRqwOjXCXTqWdFNvEr7eUBYchQiVc744mqK/MzXPNR2WsPkmkOa4ywfg8C2n8h+13Bey1Q=="
    }
  }
}
